github.com/mattn/go-sqlite3 v1.14.28 h1:ThEiQrnbtumT+QMknw63Befp/ce/nUPgBPMlRFEum7A=
github.com/mattn/go-sqlite3 v1.14.28/go.mod h1:Uh1q+B4BYcTPb+yiD3kU8Ct7aC0hY9fxUwlHK0RXw+Y=
go.n16f.net/uuid v0.0.0-20240707135755-e4fd26b968ad h1:QYbHaaFqx6hMor1L6iMSmyhMFvXQXhKaNk9nefug07M=
go.n16f.net/uuid v0.0.0-20240707135755-e4fd26b968ad/go.mod h1:hvPEWZmyP50in1DH72o5vUvoXFFyfRU6oL+p2tAcbgU=
golang.org/x/crypto v0.40.0 h1:r4x+VvoG5Fm+eJcxMaY8CQM7Lb0l1lsmjGBQ6s8BfKM=
golang.org/x/crypto v0.40.0/go.mod h1:Qr1vMER5WyS2dfPHAlsOj01wgLbsyWtFn/aY+5+ZdxY=
